// !$*UTF8*$!
{
	archiveVersion = 1;
	classes = {
	};
	objectVersion = 46;
	objects = {

/* Begin PBXBuildFile section */
		3D3D43191AF0BB3500A2ED01 /* main.m in Sources */ = {isa = PBXBuildFile; fileRef = 3D3D43181AF0BB3500A2ED01 /* main.m */; };
		3D3D431C1AF0BB3500A2ED01 /* AppDelegate.m in Sources */ = {isa = PBXBuildFile; fileRef = 3D3D431B1AF0BB3500A2ED01 /* AppDelegate.m */; };
		3D3D431F1AF0BB3500A2ED01 /* ViewController.m in Sources */ = {isa = PBXBuildFile; fileRef = 3D3D431E1AF0BB3500A2ED01 /* ViewController.m */; };
		3D3D43221AF0BB3500A2ED01 /* Main.storyboard in Resources */ = {isa = PBXBuildFile; fileRef = 3D3D43201AF0BB3500A2ED01 /* Main.storyboard */; };
		3D3D43241AF0BB3500A2ED01 /* Images.xcassets in Resources */ = {isa = PBXBuildFile; fileRef = 3D3D43231AF0BB3500A2ED01 /* Images.xcassets */; };
		3D3D43271AF0BB3500A2ED01 /* LaunchScreen.xib in Resources */ = {isa = PBXBuildFile; fileRef = 3D3D43251AF0BB3500A2ED01 /* LaunchScreen.xib */; };
		3D3D43331AF0BB3500A2ED01 /* _016OlympicsTests.m in Sources */ = {isa = PBXBuildFile; fileRef = 3D3D43321AF0BB3500A2ED01 /* _016OlympicsTests.m */; };
		3D504F3B1AF22CDC00EF8988 /* create_load.sql in Resources */ = {isa = PBXBuildFile; fileRef = 3D504F391AF22CDC00EF8988 /* create_load.sql */; };
		3D504F3C1AF22CDC00EF8988 /* DBConfig.plist in Resources */ = {isa = PBXBuildFile; fileRef = 3D504F3A1AF22CDC00EF8988 /* DBConfig.plist */; };
		3D6CB0FA1AF7224000626E56 /* create_load.sql in Resources */ = {isa = PBXBuildFile; fileRef = 3D504F391AF22CDC00EF8988 /* create_load.sql */; };
		3D6CB0FB1AF7224200626E56 /* DBConfig.plist in Resources */ = {isa = PBXBuildFile; fileRef = 3D504F3A1AF22CDC00EF8988 /* DBConfig.plist */; };
		3DA429331B018D570015ACDF /* Main_iPad.storyboard in Resources */ = {isa = PBXBuildFile; fileRef = 3DA429351B018D570015ACDF /* Main_iPad.storyboard */; };
		3DA429371B0190FB0015ACDF /* libBusinessLogicLayer.a in Frameworks */ = {isa = PBXBuildFile; fileRef = 3DA429361B0190FB0015ACDF /* libBusinessLogicLayer.a */; };
		3DA429411B01A4A00015ACDF /* CountDownViewController.m in Sources */ = {isa = PBXBuildFile; fileRef = 3DA429401B01A4A00015ACDF /* CountDownViewController.m */; };
		3DDA35731B00393800F2513C /* HomeViewController.m in Sources */ = {isa = PBXBuildFile; fileRef = 3DDA35721B00393800F2513C /* HomeViewController.m */; };
		3DDA35781B00424B00F2513C /* EventsViewCell.m in Sources */ = {isa = PBXBuildFile; fileRef = 3DDA35771B00424B00F2513C /* EventsViewCell.m */; };
		3DDA35A41B00438900F2513C /* archery.gif in Resources */ = {isa = PBXBuildFile; fileRef = 3DDA357A1B00438900F2513C /* archery.gif */; };
		3DDA35A51B00438900F2513C /* athletics.gif in Resources */ = {isa = PBXBuildFile; fileRef = 3DDA357B1B00438900F2513C /* athletics.gif */; };
		3DDA35A61B00438900F2513C /* badminton.gif in Resources */ = {isa = PBXBuildFile; fileRef = 3DDA357C1B00438900F2513C /* badminton.gif */; };
		3DDA35A71B00438900F2513C /* basketball.gif in Resources */ = {isa = PBXBuildFile; fileRef = 3DDA357D1B00438900F2513C /* basketball.gif */; };
		3DDA35A81B00438900F2513C /* beach-volleyball.gif in Resources */ = {isa = PBXBuildFile; fileRef = 3DDA357E1B00438900F2513C /* beach-volleyball.gif */; };
		3DDA35A91B00438900F2513C /* boxing.gif in Resources */ = {isa = PBXBuildFile; fileRef = 3DDA357F1B00438900F2513C /* boxing.gif */; };
		3DDA35AA1B00438900F2513C /* canoe-slalom.gif in Resources */ = {isa = PBXBuildFile; fileRef = 3DDA35801B00438900F2513C /* canoe-slalom.gif */; };
		3DDA35AB1B00438900F2513C /* canoe-sprint.gif in Resources */ = {isa = PBXBuildFile; fileRef = 3DDA35811B00438900F2513C /* canoe-sprint.gif */; };
		3DDA35AC1B00438900F2513C /* cycling-bmx.gif in Resources */ = {isa = PBXBuildFile; fileRef = 3DDA35821B00438900F2513C /* cycling-bmx.gif */; };
		3DDA35AD1B00438900F2513C /* cycling-mountain-bike.gif in Resources */ = {isa = PBXBuildFile; fileRef = 3DDA35831B00438900F2513C /* cycling-mountain-bike.gif */; };
		3DDA35AE1B00438900F2513C /* cycling-road.gif in Resources */ = {isa = PBXBuildFile; fileRef = 3DDA35841B00438900F2513C /* cycling-road.gif */; };
		3DDA35AF1B00438900F2513C /* cycling-track.gif in Resources */ = {isa = PBXBuildFile; fileRef = 3DDA35851B00438900F2513C /* cycling-track.gif */; };
		3DDA35B01B00438900F2513C /* diving.gif in Resources */ = {isa = PBXBuildFile; fileRef = 3DDA35861B00438900F2513C /* diving.gif */; };
		3DDA35B11B00438900F2513C /* equestrian-dressage.gif in Resources */ = {isa = PBXBuildFile; fileRef = 3DDA35871B00438900F2513C /* equestrian-dressage.gif */; };
		3DDA35B21B00438900F2513C /* equestrian-eventing.gif in Resources */ = {isa = PBXBuildFile; fileRef = 3DDA35881B00438900F2513C /* equestrian-eventing.gif */; };
		3DDA35B31B00438900F2513C /* equestrian-jumping.gif in Resources */ = {isa = PBXBuildFile; fileRef = 3DDA35891B00438900F2513C /* equestrian-jumping.gif */; };
		3DDA35B41B00438900F2513C /* fencing.gif in Resources */ = {isa = PBXBuildFile; fileRef = 3DDA358A1B00438900F2513C /* fencing.gif */; };
		3DDA35B51B00438900F2513C /* football.gif in Resources */ = {isa = PBXBuildFile; fileRef = 3DDA358B1B00438900F2513C /* football.gif */; };
		3DDA35B61B00438900F2513C /* ganlanqiu.gif in Resources */ = {isa = PBXBuildFile; fileRef = 3DDA358C1B00438900F2513C /* ganlanqiu.gif */; };
		3DDA35B71B00438900F2513C /* gaoerfu.gif in Resources */ = {isa = PBXBuildFile; fileRef = 3DDA358D1B00438900F2513C /* gaoerfu.gif */; };
		3DDA35B81B00438900F2513C /* golf.gif in Resources */ = {isa = PBXBuildFile; fileRef = 3DDA358E1B00438900F2513C /* golf.gif */; };
		3DDA35B91B00438900F2513C /* gymnastics-artistic.gif in Resources */ = {isa = PBXBuildFile; fileRef = 3DDA358F1B00438900F2513C /* gymnastics-artistic.gif */; };
		3DDA35BA1B00438900F2513C /* gymnastics-rhythmic.gif in Resources */ = {isa = PBXBuildFile; fileRef = 3DDA35901B00438900F2513C /* gymnastics-rhythmic.gif */; };
		3DDA35BB1B00438900F2513C /* gymnastics-trampoline.gif in Resources */ = {isa = PBXBuildFile; fileRef = 3DDA35911B00438900F2513C /* gymnastics-trampoline.gif */; };
		3DDA35BC1B00438900F2513C /* handball.gif in Resources */ = {isa = PBXBuildFile; fileRef = 3DDA35921B00438900F2513C /* handball.gif */; };
		3DDA35BD1B00438900F2513C /* hockey.gif in Resources */ = {isa = PBXBuildFile; fileRef = 3DDA35931B00438900F2513C /* hockey.gif */; };
		3DDA35BE1B00438900F2513C /* judo.gif in Resources */ = {isa = PBXBuildFile; fileRef = 3DDA35941B00438900F2513C /* judo.gif */; };
		3DDA35BF1B00438900F2513C /* modern-pentathlon.gif in Resources */ = {isa = PBXBuildFile; fileRef = 3DDA35951B00438900F2513C /* modern-pentathlon.gif */; };
		3DDA35C01B00438900F2513C /* rowing.gif in Resources */ = {isa = PBXBuildFile; fileRef = 3DDA35961B00438900F2513C /* rowing.gif */; };
		3DDA35C11B00438900F2513C /* rugby.gif in Resources */ = {isa = PBXBuildFile; fileRef = 3DDA35971B00438900F2513C /* rugby.gif */; };
		3DDA35C21B00438900F2513C /* sailing.gif in Resources */ = {isa = PBXBuildFile; fileRef = 3DDA35981B00438900F2513C /* sailing.gif */; };
		3DDA35C31B00438900F2513C /* shooting.gif in Resources */ = {isa = PBXBuildFile; fileRef = 3DDA35991B00438900F2513C /* shooting.gif */; };
		3DDA35C41B00438900F2513C /* swimming.gif in Resources */ = {isa = PBXBuildFile; fileRef = 3DDA359A1B00438900F2513C /* swimming.gif */; };
		3DDA35C51B00438900F2513C /* synchronised-swimming.gif in Resources */ = {isa = PBXBuildFile; fileRef = 3DDA359B1B00438900F2513C /* synchronised-swimming.gif */; };
		3DDA35C61B00438900F2513C /* table-tennis.gif in Resources */ = {isa = PBXBuildFile; fileRef = 3DDA359C1B00438900F2513C /* table-tennis.gif */; };
		3DDA35C71B00438900F2513C /* taekwondo.gif in Resources */ = {isa = PBXBuildFile; fileRef = 3DDA359D1B00438900F2513C /* taekwondo.gif */; };
		3DDA35C81B00438900F2513C /* tennis.gif in Resources */ = {isa = PBXBuildFile; fileRef = 3DDA359E1B00438900F2513C /* tennis.gif */; };
		3DDA35C91B00438900F2513C /* triathlon.gif in Resources */ = {isa = PBXBuildFile; fileRef = 3DDA359F1B00438900F2513C /* triathlon.gif */; };
		3DDA35CA1B00438900F2513C /* volleyball.gif in Resources */ = {isa = PBXBuildFile; fileRef = 3DDA35A01B00438900F2513C /* volleyball.gif */; };
		3DDA35CB1B00438900F2513C /* water-polo.gif in Resources */ = {isa = PBXBuildFile; fileRef = 3DDA35A11B00438900F2513C /* water-polo.gif */; };
		3DDA35CC1B00438900F2513C /* weightlifting.gif in Resources */ = {isa = PBXBuildFile; fileRef = 3DDA35A21B00438900F2513C /* weightlifting.gif */; };
		3DDA35CD1B00438900F2513C /* wrestling.gif in Resources */ = {isa = PBXBuildFile; fileRef = 3DDA35A31B00438900F2513C /* wrestling.gif */; };
		3DDA35D01B0047E900F2513C /* EventsViewController.m in Sources */ = {isa = PBXBuildFile; fileRef = 3DDA35CF1B0047E900F2513C /* EventsViewController.m */; };
		3DDA35D31B00482000F2513C /* EventsDetailViewController.m in Sources */ = {isa = PBXBuildFile; fileRef = 3DDA35D21B00482000F2513C /* EventsDetailViewController.m */; };
		3DDA35ED1B004AC500F2513C /* AVFoundation.framework in Frameworks */ = {isa = PBXBuildFile; fileRef = 3DDA35D81B004A1100F2513C /* AVFoundation.framework */; };
		3DDA35EE1B004ACB00F2513C /* AudioToolbox.framework in Frameworks */ = {isa = PBXBuildFile; fileRef = 3DDA35E21B004A3500F2513C /* AudioToolbox.framework */; };
		3DDA35EF1B004AD100F2513C /* MessageUI.framework in Frameworks */ = {isa = PBXBuildFile; fileRef = 3DDA35E01B004A2F00F2513C /* MessageUI.framework */; };
		3DDA35F01B004AD900F2513C /* libsqlite3.dylib in Frameworks */ = {isa = PBXBuildFile; fileRef = 3DDA35D61B004A0100F2513C /* libsqlite3.dylib */; };
		3DDA35F11B004AE900F2513C /* CoreGraphics.framework in Frameworks */ = {isa = PBXBuildFile; fileRef = 3DDA35E41B004A3C00F2513C /* CoreGraphics.framework */; };
		3DDA35F21B004AF300F2513C /* Foundation.framework in Frameworks */ = {isa = PBXBuildFile; fileRef = 3DDA35E81B004A4900F2513C /* Foundation.framework */; };
		3DDA35F31B004AF900F2513C /* SystemConfiguration.framework in Frameworks */ = {isa = PBXBuildFile; fileRef = 3DDA35DC1B004A2400F2513C /* SystemConfiguration.framework */; };
		3DDA35F41B004B0200F2513C /* StoreKit.framework in Frameworks */ = {isa = PBXBuildFile; fileRef = 3DDA35DA1B004A1A00F2513C /* StoreKit.framework */; };
		3DDA35F51B004B0A00F2513C /* AdSupport.framework in Frameworks */ = {isa = PBXBuildFile; fileRef = 3DDA35DE1B004A2900F2513C /* AdSupport.framework */; };
		3DDA35F61B004B1000F2513C /* UIKit.framework in Frameworks */ = {isa = PBXBuildFile; fileRef = 3DDA35E61B004A4200F2513C /* UIKit.framework */; };
		3DDA36121B00581200F2513C /* libGoogleAdMobAds.a in Frameworks */ = {isa = PBXBuildFile; fileRef = 3DDA36101B00581200F2513C /* libGoogleAdMobAds.a */; };
		3DDA36131B00581200F2513C /* README.txt in Resources */ = {isa = PBXBuildFile; fileRef = 3DDA36111B00581200F2513C /* README.txt */; };
		3DDA36161B00819400F2513C /* ScheduleViewController.m in Sources */ = {isa = PBXBuildFile; fileRef = 3DDA36151B00819400F2513C /* ScheduleViewController.m */; };
/* End PBXBuildFile section */

/* Begin PBXContainerItemProxy section */
		3D3D432D1AF0BB3500A2ED01 /* PBXContainerItemProxy */ = {
			isa = PBXContainerItemProxy;
			containerPortal = 3D3D430B1AF0BB3500A2ED01 /* Project object */;
			proxyType = 1;
			remoteGlobalIDString = 3D3D43121AF0BB3500A2ED01;
			remoteInfo = 2016Olympics;
		};
/* End PBXContainerItemProxy section */

/* Begin PBXFileReference section */
		3D3D43131AF0BB3500A2ED01 /* 2016Olympics.app */ = {isa = PBXFileReference; explicitFileType = wrapper.application; includeInIndex = 0; path = 2016Olympics.app; sourceTree = BUILT_PRODUCTS_DIR; };
		3D3D43171AF0BB3500A2ED01 /* Info.plist */ = {isa = PBXFileReference; lastKnownFileType = text.plist.xml; path = Info.plist; sourceTree = "<group>"; };
		3D3D43181AF0BB3500A2ED01 /* main.m */ = {isa = PBXFileReference; lastKnownFileType = sourcecode.c.objc; path = main.m; sourceTree = "<group>"; };
		3D3D431A1AF0BB3500A2ED01 /* AppDelegate.h */ = {isa = PBXFileReference; lastKnownFileType = sourcecode.c.h; path = AppDelegate.h; sourceTree = "<group>"; };
		3D3D431B1AF0BB3500A2ED01 /* AppDelegate.m */ = {isa = PBXFileReference; lastKnownFileType = sourcecode.c.objc; path = AppDelegate.m; sourceTree = "<group>"; };
		3D3D431D1AF0BB3500A2ED01 /* ViewController.h */ = {isa = PBXFileReference; lastKnownFileType = sourcecode.c.h; path = ViewController.h; sourceTree = "<group>"; };
		3D3D431E1AF0BB3500A2ED01 /* ViewController.m */ = {isa = PBXFileReference; lastKnownFileType = sourcecode.c.objc; path = ViewController.m; sourceTree = "<group>"; };
		3D3D43211AF0BB3500A2ED01 /* Base */ = {isa = PBXFileReference; lastKnownFileType = file.storyboard; name = Base; path = Base.lproj/Main.storyboard; sourceTree = "<group>"; };
		3D3D43231AF0BB3500A2ED01 /* Images.xcassets */ = {isa = PBXFileReference; lastKnownFileType = folder.assetcatalog; path = Images.xcassets; sourceTree = "<group>"; };
		3D3D43261AF0BB3500A2ED01 /* Base */ = {isa = PBXFileReference; lastKnownFileType = file.xib; name = Base; path = Base.lproj/LaunchScreen.xib; sourceTree = "<group>"; };
		3D3D432C1AF0BB3500A2ED01 /* 2016OlympicsTests.xctest */ = {isa = PBXFileReference; explicitFileType = wrapper.cfbundle; includeInIndex = 0; path = 2016OlympicsTests.xctest; sourceTree = BUILT_PRODUCTS_DIR; };
		3D3D43311AF0BB3500A2ED01 /* Info.plist */ = {isa = PBXFileReference; lastKnownFileType = text.plist.xml; path = Info.plist; sourceTree = "<group>"; };
		3D3D43321AF0BB3500A2ED01 /* _016OlympicsTests.m */ = {isa = PBXFileReference; lastKnownFileType = sourcecode.c.objc; path = _016OlympicsTests.m; sourceTree = "<group>"; };
		3D504F391AF22CDC00EF8988 /* create_load.sql */ = {isa = PBXFileReference; fileEncoding = 4; lastKnownFileType = text; path = create_load.sql; sourceTree = "<group>"; };
		3D504F3A1AF22CDC00EF8988 /* DBConfig.plist */ = {isa = PBXFileReference; fileEncoding = 4; lastKnownFileType = text.plist.xml; path = DBConfig.plist; sourceTree = "<group>"; };
		3DA429341B018D570015ACDF /* Base */ = {isa = PBXFileReference; lastKnownFileType = file.storyboard; name = Base; path = Base.lproj/Main_iPad.storyboard; sourceTree = "<group>"; };
		3DA429361B0190FB0015ACDF /* libBusinessLogicLayer.a */ = {isa = PBXFileReference; lastKnownFileType = archive.ar; name = libBusinessLogicLayer.a; path = "../BusinessLogicLayer/build/Debug-iphoneos/libBusinessLogicLayer.a"; sourceTree = "<group>"; };
		3DA4293F1B01A4A00015ACDF /* CountDownViewController.h */ = {isa = PBXFileReference; fileEncoding = 4; lastKnownFileType = sourcecode.c.h; path = CountDownViewController.h; sourceTree = "<group>"; };
		3DA429401B01A4A00015ACDF /* CountDownViewController.m */ = {isa = PBXFileReference; fileEncoding = 4; lastKnownFileType = sourcecode.c.objc; path = CountDownViewController.m; sourceTree = "<group>"; };
		3DDA35711B00393800F2513C /* HomeViewController.h */ = {isa = PBXFileReference; fileEncoding = 4; lastKnownFileType = sourcecode.c.h; path = HomeViewController.h; sourceTree = "<group>"; };
		3DDA35721B00393800F2513C /* HomeViewController.m */ = {isa = PBXFileReference; fileEncoding = 4; lastKnownFileType = sourcecode.c.objc; path = HomeViewController.m; sourceTree = "<group>"; };
		3DDA35761B00424B00F2513C /* EventsViewCell.h */ = {isa = PBXFileReference; fileEncoding = 4; lastKnownFileType = sourcecode.c.h; path = EventsViewCell.h; sourceTree = "<group>"; };
		3DDA35771B00424B00F2513C /* EventsViewCell.m */ = {isa = PBXFileReference; fileEncoding = 4; lastKnownFileType = sourcecode.c.objc; path = EventsViewCell.m; sourceTree = "<group>"; };
		3DDA357A1B00438900F2513C /* archery.gif */ = {isa = PBXFileReference; lastKnownFileType = image.gif; path = archery.gif; sourceTree = "<group>"; };
		3DDA357B1B00438900F2513C /* athletics.gif */ = {isa = PBXFileReference; lastKnownFileType = image.gif; path = athletics.gif; sourceTree = "<group>"; };
		3DDA357C1B00438900F2513C /* badminton.gif */ = {isa = PBXFileReference; lastKnownFileType = image.gif; path = badminton.gif; sourceTree = "<group>"; };
		3DDA357D1B00438900F2513C /* basketball.gif */ = {isa = PBXFileReference; lastKnownFileType = image.gif; path = basketball.gif; sourceTree = "<group>"; };
		3DDA357E1B00438900F2513C /* beach-volleyball.gif */ = {isa = PBXFileReference; lastKnownFileType = image.gif; path = "beach-volleyball.gif"; sourceTree = "<group>"; };
		3DDA357F1B00438900F2513C /* boxing.gif */ = {isa = PBXFileReference; lastKnownFileType = image.gif; path = boxing.gif; sourceTree = "<group>"; };
		3DDA35801B00438900F2513C /* canoe-slalom.gif */ = {isa = PBXFileReference; lastKnownFileType = image.gif; path = "canoe-slalom.gif"; sourceTree = "<group>"; };
		3DDA35811B00438900F2513C /* canoe-sprint.gif */ = {isa = PBXFileReference; lastKnownFileType = image.gif; path = "canoe-sprint.gif"; sourceTree = "<group>"; };
		3DDA35821B00438900F2513C /* cycling-bmx.gif */ = {isa = PBXFileReference; lastKnownFileType = image.gif; path = "cycling-bmx.gif"; sourceTree = "<group>"; };
		3DDA35831B00438900F2513C /* cycling-mountain-bike.gif */ = {isa = PBXFileReference; lastKnownFileType = image.gif; path = "cycling-mountain-bike.gif"; sourceTree = "<group>"; };
		3DDA35841B00438900F2513C /* cycling-road.gif */ = {isa = PBXFileReference; lastKnownFileType = image.gif; path = "cycling-road.gif"; sourceTree = "<group>"; };
		3DDA35851B00438900F2513C /* cycling-track.gif */ = {isa = PBXFileReference; lastKnownFileType = image.gif; path = "cycling-track.gif"; sourceTree = "<group>"; };
		3DDA35861B00438900F2513C /* diving.gif */ = {isa = PBXFileReference; lastKnownFileType = image.gif; path = diving.gif; sourceTree = "<group>"; };
		3DDA35871B00438900F2513C /* equestrian-dressage.gif */ = {isa = PBXFileReference; lastKnownFileType = image.gif; path = "equestrian-dressage.gif"; sourceTree = "<group>"; };
		3DDA35881B00438900F2513C /* equestrian-eventing.gif */ = {isa = PBXFileReference; lastKnownFileType = image.gif; path = "equestrian-eventing.gif"; sourceTree = "<group>"; };
		3DDA35891B00438900F2513C /* equestrian-jumping.gif */ = {isa = PBXFileReference; lastKnownFileType = image.gif; path = "equestrian-jumping.gif"; sourceTree = "<group>"; };
		3DDA358A1B00438900F2513C /* fencing.gif */ = {isa = PBXFileReference; lastKnownFileType = image.gif; path = fencing.gif; sourceTree = "<group>"; };
		3DDA358B1B00438900F2513C /* football.gif */ = {isa = PBXFileReference; lastKnownFileType = image.gif; path = football.gif; sourceTree = "<group>"; };
		3DDA358C1B00438900F2513C /* ganlanqiu.gif */ = {isa = PBXFileReference; lastKnownFileType = image.gif; path = ganlanqiu.gif; sourceTree = "<group>"; };
		3DDA358D1B00438900F2513C /* gaoerfu.gif */ = {isa = PBXFileReference; lastKnownFileType = image.gif; path = gaoerfu.gif; sourceTree = "<group>"; };
		3DDA358E1B00438900F2513C /* golf.gif */ = {isa = PBXFileReference; lastKnownFileType = image.gif; path = golf.gif; sourceTree = "<group>"; };
		3DDA358F1B00438900F2513C /* gymnastics-artistic.gif */ = {isa = PBXFileReference; lastKnownFileType = image.gif; path = "gymnastics-artistic.gif"; sourceTree = "<group>"; };
		3DDA35901B00438900F2513C /* gymnastics-rhythmic.gif */ = {isa = PBXFileReference; lastKnownFileType = image.gif; path = "gymnastics-rhythmic.gif"; sourceTree = "<group>"; };
		3DDA35911B00438900F2513C /* gymnastics-trampoline.gif */ = {isa = PBXFileReference; lastKnownFileType = image.gif; path = "gymnastics-trampoline.gif"; sourceTree = "<group>"; };
		3DDA35921B00438900F2513C /* handball.gif */ = {isa = PBXFileReference; lastKnownFileType = image.gif; path = handball.gif; sourceTree = "<group>"; };
		3DDA35931B00438900F2513C /* hockey.gif */ = {isa = PBXFileReference; lastKnownFileType = image.gif; path = hockey.gif; sourceTree = "<group>"; };
		3DDA35941B00438900F2513C /* judo.gif */ = {isa = PBXFileReference; lastKnownFileType = image.gif; path = judo.gif; sourceTree = "<group>"; };
		3DDA35951B00438900F2513C /* modern-pentathlon.gif */ = {isa = PBXFileReference; lastKnownFileType = image.gif; path = "modern-pentathlon.gif"; sourceTree = "<group>"; };
		3DDA35961B00438900F2513C /* rowing.gif */ = {isa = PBXFileReference; lastKnownFileType = image.gif; path = rowing.gif; sourceTree = "<group>"; };
		3DDA35971B00438900F2513C /* rugby.gif */ = {isa = PBXFileReference; lastKnownFileType = image.gif; path = rugby.gif; sourceTree = "<group>"; };
		3DDA35981B00438900F2513C /* sailing.gif */ = {isa = PBXFileReference; lastKnownFileType = image.gif; path = sailing.gif; sourceTree = "<group>"; };
		3DDA35991B00438900F2513C /* shooting.gif */ = {isa = PBXFileReference; lastKnownFileType = image.gif; path = shooting.gif; sourceTree = "<group>"; };
		3DDA359A1B00438900F2513C /* swimming.gif */ = {isa = PBXFileReference; lastKnownFileType = image.gif; path = swimming.gif; sourceTree = "<group>"; };
		3DDA359B1B00438900F2513C /* synchronised-swimming.gif */ = {isa = PBXFileReference; lastKnownFileType = image.gif; path = "synchronised-swimming.gif"; sourceTree = "<group>"; };
		3DDA359C1B00438900F2513C /* table-tennis.gif */ = {isa = PBXFileReference; lastKnownFileType = image.gif; path = "table-tennis.gif"; sourceTree = "<group>"; };
		3DDA359D1B00438900F2513C /* taekwondo.gif */ = {isa = PBXFileReference; lastKnownFileType = image.gif; path = taekwondo.gif; sourceTree = "<group>"; };
		3DDA359E1B00438900F2513C /* tennis.gif */ = {isa = PBXFileReference; lastKnownFileType = image.gif; path = tennis.gif; sourceTree = "<group>"; };
		3DDA359F1B00438900F2513C /* triathlon.gif */ = {isa = PBXFileReference; lastKnownFileType = image.gif; path = triathlon.gif; sourceTree = "<group>"; };
		3DDA35A01B00438900F2513C /* volleyball.gif */ = {isa = PBXFileReference; lastKnownFileType = image.gif; path = volleyball.gif; sourceTree = "<group>"; };
		3DDA35A11B00438900F2513C /* water-polo.gif */ = {isa = PBXFileReference; lastKnownFileType = image.gif; path = "water-polo.gif"; sourceTree = "<group>"; };
		3DDA35A21B00438900F2513C /* weightlifting.gif */ = {isa = PBXFileReference; lastKnownFileType = image.gif; path = weightlifting.gif; sourceTree = "<group>"; };
		3DDA35A31B00438900F2513C /* wrestling.gif */ = {isa = PBXFileReference; lastKnownFileType = image.gif; path = wrestling.gif; sourceTree = "<group>"; };
		3DDA35CE1B0047E900F2513C /* EventsViewController.h */ = {isa = PBXFileReference; fileEncoding = 4; lastKnownFileType = sourcecode.c.h; path = EventsViewController.h; sourceTree = "<group>"; };
		3DDA35CF1B0047E900F2513C /* EventsViewController.m */ = {isa = PBXFileReference; fileEncoding = 4; lastKnownFileType = sourcecode.c.objc; path = EventsViewController.m; sourceTree = "<group>"; };
		3DDA35D11B00482000F2513C /* EventsDetailViewController.h */ = {isa = PBXFileReference; fileEncoding = 4; lastKnownFileType = sourcecode.c.h; path = EventsDetailViewController.h; sourceTree = "<group>"; };
		3DDA35D21B00482000F2513C /* EventsDetailViewController.m */ = {isa = PBXFileReference; fileEncoding = 4; lastKnownFileType = sourcecode.c.objc; path = EventsDetailViewController.m; sourceTree = "<group>"; };
		3DDA35D61B004A0100F2513C /* libsqlite3.dylib */ = {isa = PBXFileReference; lastKnownFileType = "compiled.mach-o.dylib"; name = libsqlite3.dylib; path = usr/lib/libsqlite3.dylib; sourceTree = SDKROOT; };
		3DDA35D81B004A1100F2513C /* AVFoundation.framework */ = {isa = PBXFileReference; lastKnownFileType = wrapper.framework; name = AVFoundation.framework; path = System/Library/Frameworks/AVFoundation.framework; sourceTree = SDKROOT; };
		3DDA35DA1B004A1A00F2513C /* StoreKit.framework */ = {isa = PBXFileReference; lastKnownFileType = wrapper.framework; name = StoreKit.framework; path = System/Library/Frameworks/StoreKit.framework; sourceTree = SDKROOT; };
		3DDA35DC1B004A2400F2513C /* SystemConfiguration.framework */ = {isa = PBXFileReference; lastKnownFileType = wrapper.framework; name = SystemConfiguration.framework; path = System/Library/Frameworks/SystemConfiguration.framework; sourceTree = SDKROOT; };
		3DDA35DE1B004A2900F2513C /* AdSupport.framework */ = {isa = PBXFileReference; lastKnownFileType = wrapper.framework; name = AdSupport.framework; path = System/Library/Frameworks/AdSupport.framework; sourceTree = SDKROOT; };
		3DDA35E01B004A2F00F2513C /* MessageUI.framework */ = {isa = PBXFileReference; lastKnownFileType = wrapper.framework; name = MessageUI.framework; path = System/Library/Frameworks/MessageUI.framework; sourceTree = SDKROOT; };
		3DDA35E21B004A3500F2513C /* AudioToolbox.framework */ = {isa = PBXFileReference; lastKnownFileType = wrapper.framework; name = AudioToolbox.framework; path = System/Library/Frameworks/AudioToolbox.framework; sourceTree = SDKROOT; };
		3DDA35E41B004A3C00F2513C /* CoreGraphics.framework */ = {isa = PBXFileReference; lastKnownFileType = wrapper.framework; name = CoreGraphics.framework; path = System/Library/Frameworks/CoreGraphics.framework; sourceTree = SDKROOT; };
		3DDA35E61B004A4200F2513C /* UIKit.framework */ = {isa = PBXFileReference; lastKnownFileType = wrapper.framework; name = UIKit.framework; path = System/Library/Frameworks/UIKit.framework; sourceTree = SDKROOT; };
		3DDA35E81B004A4900F2513C /* Foundation.framework */ = {isa = PBXFileReference; lastKnownFileType = wrapper.framework; name = Foundation.framework; path = System/Library/Frameworks/Foundation.framework; sourceTree = SDKROOT; };
		3DDA36071B00581200F2513C /* GADAdMobExtras.h */ = {isa = PBXFileReference; fileEncoding = 4; lastKnownFileType = sourcecode.c.h; path = GADAdMobExtras.h; sourceTree = "<group>"; };
		3DDA36081B00581200F2513C /* GADAdNetworkExtras.h */ = {isa = PBXFileReference; fileEncoding = 4; lastKnownFileType = sourcecode.c.h; path = GADAdNetworkExtras.h; sourceTree = "<group>"; };
		3DDA36091B00581200F2513C /* GADAdSize.h */ = {isa = PBXFileReference; fileEncoding = 4; lastKnownFileType = sourcecode.c.h; path = GADAdSize.h; sourceTree = "<group>"; };
		3DDA360A1B00581200F2513C /* GADBannerView.h */ = {isa = PBXFileReference; fileEncoding = 4; lastKnownFileType = sourcecode.c.h; path = GADBannerView.h; sourceTree = "<group>"; };
		3DDA360B1B00581200F2513C /* GADBannerViewDelegate.h */ = {isa = PBXFileReference; fileEncoding = 4; lastKnownFileType = sourcecode.c.h; path = GADBannerViewDelegate.h; sourceTree = "<group>"; };
		3DDA360C1B00581200F2513C /* GADInterstitial.h */ = {isa = PBXFileReference; fileEncoding = 4; lastKnownFileType = sourcecode.c.h; path = GADInterstitial.h; sourceTree = "<group>"; };
		3DDA360D1B00581200F2513C /* GADInterstitialDelegate.h */ = {isa = PBXFileReference; fileEncoding = 4; lastKnownFileType = sourcecode.c.h; path = GADInterstitialDelegate.h; sourceTree = "<group>"; };
		3DDA360E1B00581200F2513C /* GADRequest.h */ = {isa = PBXFileReference; fileEncoding = 4; lastKnownFileType = sourcecode.c.h; path = GADRequest.h; sourceTree = "<group>"; };
		3DDA360F1B00581200F2513C /* GADRequestError.h */ = {isa = PBXFileReference; fileEncoding = 4; lastKnownFileType = sourcecode.c.h; path = GADRequestError.h; sourceTree = "<group>"; };
		3DDA36101B00581200F2513C /* libGoogleAdMobAds.a */ = {isa = PBXFileReference; lastKnownFileType = archive.ar; path = libGoogleAdMobAds.a; sourceTree = "<group>"; };
		3DDA36111B00581200F2513C /* README.txt */ = {isa = PBXFileReference; fileEncoding = 4; lastKnownFileType = text; path = README.txt; sourceTree = "<group>"; };
		3DDA36141B00819400F2513C /* ScheduleViewController.h */ = {isa = PBXFileReference; fileEncoding = 4; lastKnownFileType = sourcecode.c.h; path = ScheduleViewController.h; sourceTree = "<group>"; };
		3DDA36151B00819400F2513C /* ScheduleViewController.m */ = {isa = PBXFileReference; fileEncoding = 4; lastKnownFileType = sourcecode.c.objc; path = ScheduleViewController.m; sourceTree = "<group>"; };
/* End PBXFileReference section */

/* Begin PBXFrameworksBuildPhase section */
		3D3D43101AF0BB3500A2ED01 /* Frameworks */ = {
			isa = PBXFrameworksBuildPhase;
			buildActionMask = 2147483647;
			files = (
				3DA429371B0190FB0015ACDF /* libBusinessLogicLayer.a in Frameworks */,
				3DDA35F61B004B1000F2513C /* UIKit.framework in Frameworks */,
				3DDA35F51B004B0A00F2513C /* AdSupport.framework in Frameworks */,
				3DDA35F41B004B0200F2513C /* StoreKit.framework in Frameworks */,
				3DDA35F31B004AF900F2513C /* SystemConfiguration.framework in Frameworks */,
				3DDA35F21B004AF300F2513C /* Foundation.framework in Frameworks */,
				3DDA36121B00581200F2513C /* libGoogleAdMobAds.a in Frameworks */,
				3DDA35F11B004AE900F2513C /* CoreGraphics.framework in Frameworks */,
				3DDA35EF1B004AD100F2513C /* MessageUI.framework in Frameworks */,
				3DDA35F01B004AD900F2513C /* libsqlite3.dylib in Frameworks */,
				3DDA35EE1B004ACB00F2513C /* AudioToolbox.framework in Frameworks */,
				3DDA35ED1B004AC500F2513C /* AVFoundation.framework in Frameworks */,
			);
			runOnlyForDeploymentPostprocessing = 0;
		};
		3D3D43291AF0BB3500A2ED01 /* Frameworks */ = {
			isa = PBXFrameworksBuildPhase;
			buildActionMask = 2147483647;
			files = (
			);
			runOnlyForDeploymentPostprocessing = 0;
		};
/* End PBXFrameworksBuildPhase section */

/* Begin PBXGroup section */
		3D3D430A1AF0BB3500A2ED01 = {
			isa = PBXGroup;
			children = (
				3DDA35F71B00581200F2513C /* GoogleAdMobAdsSdkiOS-6.6.1 */,
				3D3D43151AF0BB3500A2ED01 /* 2016Olympics */,
				3D504F381AF22CDC00EF8988 /* DBFile */,
				3DDA35EA1B004A6100F2513C /* Frameworks */,
				3D3D432F1AF0BB3500A2ED01 /* 2016OlympicsTests */,
				3D3D43141AF0BB3500A2ED01 /* Products */,
			);
			sourceTree = "<group>";
		};
		3D3D43141AF0BB3500A2ED01 /* Products */ = {
			isa = PBXGroup;
			children = (
				3D3D43131AF0BB3500A2ED01 /* 2016Olympics.app */,
				3D3D432C1AF0BB3500A2ED01 /* 2016OlympicsTests.xctest */,
			);
			name = Products;
			sourceTree = "<group>";
		};
		3D3D43151AF0BB3500A2ED01 /* 2016Olympics */ = {
			isa = PBXGroup;
			children = (
				3D3D431A1AF0BB3500A2ED01 /* AppDelegate.h */,
				3D3D431B1AF0BB3500A2ED01 /* AppDelegate.m */,
				3DDA35711B00393800F2513C /* HomeViewController.h */,
				3DDA35721B00393800F2513C /* HomeViewController.m */,
				3DDA35761B00424B00F2513C /* EventsViewCell.h */,
				3DDA35771B00424B00F2513C /* EventsViewCell.m */,
				3DDA35CE1B0047E900F2513C /* EventsViewController.h */,
				3DDA35CF1B0047E900F2513C /* EventsViewController.m */,
				3DDA35D11B00482000F2513C /* EventsDetailViewController.h */,
				3DDA35D21B00482000F2513C /* EventsDetailViewController.m */,
				3DDA36141B00819400F2513C /* ScheduleViewController.h */,
				3DDA36151B00819400F2513C /* ScheduleViewController.m */,
				3DA4293F1B01A4A00015ACDF /* CountDownViewController.h */,
				3DA429401B01A4A00015ACDF /* CountDownViewController.m */,
				3D3D431D1AF0BB3500A2ED01 /* ViewController.h */,
				3D3D431E1AF0BB3500A2ED01 /* ViewController.m */,
				3DA429351B018D570015ACDF /* Main_iPad.storyboard */,
				3D3D43201AF0BB3500A2ED01 /* Main.storyboard */,
				3D3D43231AF0BB3500A2ED01 /* Images.xcassets */,
				3D3D43251AF0BB3500A2ED01 /* LaunchScreen.xib */,
				3D3D43161AF0BB3500A2ED01 /* Supporting Files */,
			);
			path = 2016Olympics;
			sourceTree = "<group>";
		};
		3D3D43161AF0BB3500A2ED01 /* Supporting Files */ = {
			isa = PBXGroup;
			children = (
				3DDA35791B00438900F2513C /* events */,
				3D3D43171AF0BB3500A2ED01 /* Info.plist */,
				3D3D43181AF0BB3500A2ED01 /* main.m */,
			);
			name = "Supporting Files";
			sourceTree = "<group>";
		};
		3D3D432F1AF0BB3500A2ED01 /* 2016OlympicsTests */ = {
			isa = PBXGroup;
			children = (
				3D3D43321AF0BB3500A2ED01 /* _016OlympicsTests.m */,
				3D3D43301AF0BB3500A2ED01 /* Supporting Files */,
			);
			path = 2016OlympicsTests;
			sourceTree = "<group>";
		};
		3D3D43301AF0BB3500A2ED01 /* Supporting Files */ = {
			isa = PBXGroup;
			children = (
				3D3D43311AF0BB3500A2ED01 /* Info.plist */,
			);
			name = "Supporting Files";
			sourceTree = "<group>";
		};
		3D504F381AF22CDC00EF8988 /* DBFile */ = {
			isa = PBXGroup;
			children = (
				3D504F391AF22CDC00EF8988 /* create_load.sql */,
				3D504F3A1AF22CDC00EF8988 /* DBConfig.plist */,
			);
			path = DBFile;
			sourceTree = "<group>";
		};
		3DDA35791B00438900F2513C /* events */ = {
			isa = PBXGroup;
			children = (
				3DDA357A1B00438900F2513C /* archery.gif */,
				3DDA357B1B00438900F2513C /* athletics.gif */,
				3DDA357C1B00438900F2513C /* badminton.gif */,
				3DDA357D1B00438900F2513C /* basketball.gif */,
				3DDA357E1B00438900F2513C /* beach-volleyball.gif */,
				3DDA357F1B00438900F2513C /* boxing.gif */,
				3DDA35801B00438900F2513C /* canoe-slalom.gif */,
				3DDA35811B00438900F2513C /* canoe-sprint.gif */,
				3DDA35821B00438900F2513C /* cycling-bmx.gif */,
				3DDA35831B00438900F2513C /* cycling-mountain-bike.gif */,
				3DDA35841B00438900F2513C /* cycling-road.gif */,
				3DDA35851B00438900F2513C /* cycling-track.gif */,
				3DDA35861B00438900F2513C /* diving.gif */,
				3DDA35871B00438900F2513C /* equestrian-dressage.gif */,
				3DDA35881B00438900F2513C /* equestrian-eventing.gif */,
				3DDA35891B00438900F2513C /* equestrian-jumping.gif */,
				3DDA358A1B00438900F2513C /* fencing.gif */,
				3DDA358B1B00438900F2513C /* football.gif */,
				3DDA358C1B00438900F2513C /* ganlanqiu.gif */,
				3DDA358D1B00438900F2513C /* gaoerfu.gif */,
				3DDA358E1B00438900F2513C /* golf.gif */,
				3DDA358F1B00438900F2513C /* gymnastics-artistic.gif */,
				3DDA35901B00438900F2513C /* gymnastics-rhythmic.gif */,
				3DDA35911B00438900F2513C /* gymnastics-trampoline.gif */,
				3DDA35921B00438900F2513C /* handball.gif */,
				3DDA35931B00438900F2513C /* hockey.gif */,
				3DDA35941B00438900F2513C /* judo.gif */,
				3DDA35951B00438900F2513C /* modern-pentathlon.gif */,
				3DDA35961B00438900F2513C /* rowing.gif */,
				3DDA35971B00438900F2513C /* rugby.gif */,
				3DDA35981B00438900F2513C /* sailing.gif */,
				3DDA35991B00438900F2513C /* shooting.gif */,
				3DDA359A1B00438900F2513C /* swimming.gif */,
				3DDA359B1B00438900F2513C /* synchronised-swimming.gif */,
				3DDA359C1B00438900F2513C /* table-tennis.gif */,
				3DDA359D1B00438900F2513C /* taekwondo.gif */,
				3DDA359E1B00438900F2513C /* tennis.gif */,
				3DDA359F1B00438900F2513C /* triathlon.gif */,
				3DDA35A01B00438900F2513C /* volleyball.gif */,
				3DDA35A11B00438900F2513C /* water-polo.gif */,
				3DDA35A21B00438900F2513C /* weightlifting.gif */,
				3DDA35A31B00438900F2513C /* wrestling.gif */,
			);
			name = events;
			path = Images.xcassets/events;
			sourceTree = "<group>";
		};
		3DDA35EA1B004A6100F2513C /* Frameworks */ = {
			isa = PBXGroup;
			children = (
				3DA429361B0190FB0015ACDF /* libBusinessLogicLayer.a */,
				3DDA35E81B004A4900F2513C /* Foundation.framework */,
				3DDA35E61B004A4200F2513C /* UIKit.framework */,
				3DDA35E41B004A3C00F2513C /* CoreGraphics.framework */,
				3DDA35E21B004A3500F2513C /* AudioToolbox.framework */,
				3DDA35E01B004A2F00F2513C /* MessageUI.framework */,
				3DDA35DE1B004A2900F2513C /* AdSupport.framework */,
				3DDA35DC1B004A2400F2513C /* SystemConfiguration.framework */,
				3DDA35DA1B004A1A00F2513C /* StoreKit.framework */,
				3DDA35D81B004A1100F2513C /* AVFoundation.framework */,
				3DDA35D61B004A0100F2513C /* libsqlite3.dylib */,
			);
			name = Frameworks;
			sourceTree = "<group>";
		};
		3DDA35F71B00581200F2513C /* GoogleAdMobAdsSdkiOS-6.6.1 */ = {
			isa = PBXGroup;
			children = (
				3DDA35F81B00581200F2513C /* Add-ons */,
				3DDA36071B00581200F2513C /* GADAdMobExtras.h */,
				3DDA36081B00581200F2513C /* GADAdNetworkExtras.h */,
				3DDA36091B00581200F2513C /* GADAdSize.h */,
				3DDA360A1B00581200F2513C /* GADBannerView.h */,
				3DDA360B1B00581200F2513C /* GADBannerViewDelegate.h */,
				3DDA360C1B00581200F2513C /* GADInterstitial.h */,
				3DDA360D1B00581200F2513C /* GADInterstitialDelegate.h */,
				3DDA360E1B00581200F2513C /* GADRequest.h */,
				3DDA360F1B00581200F2513C /* GADRequestError.h */,
				3DDA36101B00581200F2513C /* libGoogleAdMobAds.a */,
				3DDA36111B00581200F2513C /* README.txt */,
			);
			path = "GoogleAdMobAdsSdkiOS-6.6.1";
			sourceTree = "<group>";
		};
		3DDA35F81B00581200F2513C /* Add-ons */ = {
			isa = PBXGroup;
			children = (
				3DDA35F91B00581200F2513C /* DoubleClick */,
				3DDA35FA1B00581200F2513C /* GoogleAnalyticsServicesiOS_3.02 */,
				3DDA36051B00581200F2513C /* Mediation */,
				3DDA36061B00581200F2513C /* Search */,
			);
			path = "Add-ons";
			sourceTree = "<group>";
		};
		3DDA35F91B00581200F2513C /* DoubleClick */ = {
			isa = PBXGroup;
			children = (
			);
			path = DoubleClick;
			sourceTree = "<group>";
		};
		3DDA35FA1B00581200F2513C /* GoogleAnalyticsServicesiOS_3.02 */ = {
			isa = PBXGroup;
			children = (
				3DDA35FB1B00581200F2513C /* GoogleAnalytics */,
				3DDA36001B00581200F2513C /* GoogleTagManager */,
			);
			path = GoogleAnalyticsServicesiOS_3.02;
			sourceTree = "<group>";
		};
		3DDA35FB1B00581200F2513C /* GoogleAnalytics */ = {
			isa = PBXGroup;
			children = (
				3DDA35FC1B00581200F2513C /* Examples */,
				3DDA35FF1B00581200F2513C /* Library */,
			);
			path = GoogleAnalytics;
			sourceTree = "<group>";
		};
		3DDA35FC1B00581200F2513C /* Examples */ = {
			isa = PBXGroup;
			children = (
				3DDA35FD1B00581200F2513C /* CuteAnimals */,
			);
			path = Examples;
			sourceTree = "<group>";
		};
		3DDA35FD1B00581200F2513C /* CuteAnimals */ = {
			isa = PBXGroup;
			children = (
				3DDA35FE1B00581200F2513C /* Images */,
			);
			path = CuteAnimals;
			sourceTree = "<group>";
		};
		3DDA35FE1B00581200F2513C /* Images */ = {
			isa = PBXGroup;
			children = (
			);
			path = Images;
			sourceTree = "<group>";
		};
		3DDA35FF1B00581200F2513C /* Library */ = {
			isa = PBXGroup;
			children = (
			);
			path = Library;
			sourceTree = "<group>";
		};
		3DDA36001B00581200F2513C /* GoogleTagManager */ = {
			isa = PBXGroup;
			children = (
				3DDA36011B00581200F2513C /* Examples */,
				3DDA36041B00581200F2513C /* Library */,
			);
			path = GoogleTagManager;
			sourceTree = "<group>";
		};
		3DDA36011B00581200F2513C /* Examples */ = {
			isa = PBXGroup;
			children = (
				3DDA36021B00581200F2513C /* CuteAnimals */,
			);
			path = Examples;
			sourceTree = "<group>";
		};
		3DDA36021B00581200F2513C /* CuteAnimals */ = {
			isa = PBXGroup;
			children = (
				3DDA36031B00581200F2513C /* Images */,
			);
			path = CuteAnimals;
			sourceTree = "<group>";
		};
		3DDA36031B00581200F2513C /* Images */ = {
			isa = PBXGroup;
			children = (
			);
			path = Images;
			sourceTree = "<group>";
		};
		3DDA36041B00581200F2513C /* Library */ = {
			isa = PBXGroup;
			children = (
			);
			path = Library;
			sourceTree = "<group>";
		};
		3DDA36051B00581200F2513C /* Mediation */ = {
			isa = PBXGroup;
			children = (
			);
			path = Mediation;
			sourceTree = "<group>";
		};
		3DDA36061B00581200F2513C /* Search */ = {
			isa = PBXGroup;
			children = (
			);
			path = Search;
			sourceTree = "<group>";
		};
/* End PBXGroup section */

/* Begin PBXNativeTarget section */
		3D3D43121AF0BB3500A2ED01 /* 2016Olympics */ = {
			isa = PBXNativeTarget;
			buildConfigurationList = 3D3D43361AF0BB3500A2ED01 /* Build configuration list for PBXNativeTarget "2016Olympics" */;
			buildPhases = (
				3D3D430F1AF0BB3500A2ED01 /* Sources */,
				3D3D43101AF0BB3500A2ED01 /* Frameworks */,
				3D3D43111AF0BB3500A2ED01 /* Resources */,
			);
			buildRules = (
			);
			dependencies = (
			);
			name = 2016Olympics;
			productName = 2016Olympics;
			productReference = 3D3D43131AF0BB3500A2ED01 /* 2016Olympics.app */;
			productType = "com.apple.product-type.application";
		};
		3D3D432B1AF0BB3500A2ED01 /* 2016OlympicsTests */ = {
			isa = PBXNativeTarget;
			buildConfigurationList = 3D3D43391AF0BB3500A2ED01 /* Build configuration list for PBXNativeTarget "2016OlympicsTests" */;
			buildPhases = (
				3D3D43281AF0BB3500A2ED01 /* Sources */,
				3D3D43291AF0BB3500A2ED01 /* Frameworks */,
				3D3D432A1AF0BB3500A2ED01 /* Resources */,
			);
			buildRules = (
			);
			dependencies = (
				3D3D432E1AF0BB3500A2ED01 /* PBXTargetDependency */,
			);
			name = 2016OlympicsTests;
			productName = 2016OlympicsTests;
			productReference = 3D3D432C1AF0BB3500A2ED01 /* 2016OlympicsTests.xctest */;
			productType = "com.apple.product-type.bundle.unit-test";
		};
/* End PBXNativeTarget section */

/* Begin PBXProject section */
		3D3D430B1AF0BB3500A2ED01 /* Project object */ = {
			isa = PBXProject;
			attributes = {
				LastUpgradeCheck = 0630;
				ORGANIZATIONNAME = PGWizard;
				TargetAttributes = {
					3D3D43121AF0BB3500A2ED01 = {
						CreatedOnToolsVersion = 6.3;
					};
					3D3D432B1AF0BB3500A2ED01 = {
						CreatedOnToolsVersion = 6.3;
						TestTargetID = 3D3D43121AF0BB3500A2ED01;
					};
				};
			};
			buildConfigurationList = 3D3D430E1AF0BB3500A2ED01 /* Build configuration list for PBXProject "2016Olympics" */;
			compatibilityVersion = "Xcode 3.2";
			developmentRegion = English;
			hasScannedForEncodings = 0;
			knownRegions = (
				en,
				Base,
			);
			mainGroup = 3D3D430A1AF0BB3500A2ED01;
			productRefGroup = 3D3D43141AF0BB3500A2ED01 /* Products */;
			projectDirPath = "";
			projectRoot = "";
			targets = (
				3D3D43121AF0BB3500A2ED01 /* 2016Olympics */,
				3D3D432B1AF0BB3500A2ED01 /* 2016OlympicsTests */,
			);
		};
/* End PBXProject section */

/* Begin PBXResourcesBuildPhase section */
		3D3D43111AF0BB3500A2ED01 /* Resources */ = {
			isa = PBXResourcesBuildPhase;
			buildActionMask = 2147483647;
			files = (
				3DDA35A61B00438900F2513C /* badminton.gif in Resources */,
				3DDA35C31B00438900F2513C /* shooting.gif in Resources */,
				3DDA35BA1B00438900F2513C /* gymnastics-rhythmic.gif in Resources */,
				3DDA35AB1B00438900F2513C /* canoe-sprint.gif in Resources */,
				3DDA35A41B00438900F2513C /* archery.gif in Resources */,
				3DDA36131B00581200F2513C /* README.txt in Resources */,
				3DDA35B11B00438900F2513C /* equestrian-dressage.gif in Resources */,
				3DDA35B01B00438900F2513C /* diving.gif in Resources */,
				3DDA35B91B00438900F2513C /* gymnastics-artistic.gif in Resources */,
				3DDA35CA1B00438900F2513C /* volleyball.gif in Resources */,
				3D504F3C1AF22CDC00EF8988 /* DBConfig.plist in Resources */,
				3DDA35B71B00438900F2513C /* gaoerfu.gif in Resources */,
				3DDA35AA1B00438900F2513C /* canoe-slalom.gif in Resources */,
				3DDA35B21B00438900F2513C /* equestrian-eventing.gif in Resources */,
				3DDA35A51B00438900F2513C /* athletics.gif in Resources */,
				3DDA35BC1B00438900F2513C /* handball.gif in Resources */,
				3DDA35BE1B00438900F2513C /* judo.gif in Resources */,
				3DDA35AD1B00438900F2513C /* cycling-mountain-bike.gif in Resources */,
				3DDA35AC1B00438900F2513C /* cycling-bmx.gif in Resources */,
				3DDA35B51B00438900F2513C /* football.gif in Resources */,
				3D504F3B1AF22CDC00EF8988 /* create_load.sql in Resources */,
				3DDA35BF1B00438900F2513C /* modern-pentathlon.gif in Resources */,
				3DDA35BD1B00438900F2513C /* hockey.gif in Resources */,
				3DDA35CB1B00438900F2513C /* water-polo.gif in Resources */,
				3DDA35AE1B00438900F2513C /* cycling-road.gif in Resources */,
				3DDA35A91B00438900F2513C /* boxing.gif in Resources */,
				3DDA35B81B00438900F2513C /* golf.gif in Resources */,
				3DDA35C61B00438900F2513C /* table-tennis.gif in Resources */,
				3DDA35B31B00438900F2513C /* equestrian-jumping.gif in Resources */,
				3DDA35A81B00438900F2513C /* beach-volleyball.gif in Resources */,
				3DDA35C21B00438900F2513C /* sailing.gif in Resources */,
				3DDA35C01B00438900F2513C /* rowing.gif in Resources */,
				3D3D43221AF0BB3500A2ED01 /* Main.storyboard in Resources */,
				3DDA35CD1B00438900F2513C /* wrestling.gif in Resources */,
				3DA429331B018D570015ACDF /* Main_iPad.storyboard in Resources */,
				3D3D43271AF0BB3500A2ED01 /* LaunchScreen.xib in Resources */,
				3D3D43241AF0BB3500A2ED01 /* Images.xcassets in Resources */,
				3DDA35C11B00438900F2513C /* rugby.gif in Resources */,
				3DDA35CC1B00438900F2513C /* weightlifting.gif in Resources */,
				3DDA35AF1B00438900F2513C /* cycling-track.gif in Resources */,
				3DDA35B61B00438900F2513C /* ganlanqiu.gif in Resources */,
				3DDA35A71B00438900F2513C /* basketball.gif in Resources */,
				3DDA35B41B00438900F2513C /* fencing.gif in Resources */,
				3DDA35BB1B00438900F2513C /* gymnastics-trampoline.gif in Resources */,
				3DDA35C71B00438900F2513C /* taekwondo.gif in Resources */,
				3DDA35C51B00438900F2513C /* synchronised-swimming.gif in Resources */,
				3DDA35C81B00438900F2513C /* tennis.gif in Resources */,
				3DDA35C91B00438900F2513C /* triathlon.gif in Resources */,
				3DDA35C41B00438900F2513C /* swimming.gif in Resources */,
			);
			runOnlyForDeploymentPostprocessing = 0;
		};
		3D3D432A1AF0BB3500A2ED01 /* Resources */ = {
			isa = PBXResourcesBuildPhase;
			buildActionMask = 2147483647;
			files = (
				3D6CB0FB1AF7224200626E56 /* DBConfig.plist in Resources */,
				3D6CB0FA1AF7224000626E56 /* create_load.sql in Resources */,
			);
			runOnlyForDeploymentPostprocessing = 0;
		};
/* End PBXResourcesBuildPhase section */

/* Begin PBXSourcesBuildPhase section */
		3D3D430F1AF0BB3500A2ED01 /* Sources */ = {
			isa = PBXSourcesBuildPhase;
			buildActionMask = 2147483647;
			files = (
				3D3D431F1AF0BB3500A2ED01 /* ViewController.m in Sources */,
				3DDA35D01B0047E900F2513C /* EventsViewController.m in Sources */,
				3DA429411B01A4A00015ACDF /* CountDownViewController.m in Sources */,
				3DDA35781B00424B00F2513C /* EventsViewCell.m in Sources */,
				3D3D431C1AF0BB3500A2ED01 /* AppDelegate.m in Sources */,
				3D3D43191AF0BB3500A2ED01 /* main.m in Sources */,
				3DDA35D31B00482000F2513C /* EventsDetailViewController.m in Sources */,
				3DDA35731B00393800F2513C /* HomeViewController.m in Sources */,
				3DDA36161B00819400F2513C /* ScheduleViewController.m in Sources */,
			);
			runOnlyForDeploymentPostprocessing = 0;
		};
		3D3D43281AF0BB3500A2ED01 /* Sources */ = {
			isa = PBXSourcesBuildPhase;
			buildActionMask = 2147483647;
			files = (
				3D3D43331AF0BB3500A2ED01 /* _016OlympicsTests.m in Sources */,
			);
			runOnlyForDeploymentPostprocessing = 0;
		};
/* End PBXSourcesBuildPhase section */

/* Begin PBXTargetDependency section */
		3D3D432E1AF0BB3500A2ED01 /* PBXTargetDependency */ = {
			isa = PBXTargetDependency;
			target = 3D3D43121AF0BB3500A2ED01 /* 2016Olympics */;
			targetProxy = 3D3D432D1AF0BB3500A2ED01 /* PBXContainerItemProxy */;
		};
/* End PBXTargetDependency section */

/* Begin PBXVariantGroup section */
		3D3D43201AF0BB3500A2ED01 /* Main.storyboard */ = {
			isa = PBXVariantGroup;
			children = (
				3D3D43211AF0BB3500A2ED01 /* Base */,
			);
			name = Main.storyboard;
			sourceTree = "<group>";
		};
		3D3D43251AF0BB3500A2ED01 /* LaunchScreen.xib */ = {
			isa = PBXVariantGroup;
			children = (
				3D3D43261AF0BB3500A2ED01 /* Base */,
			);
			name = LaunchScreen.xib;
			sourceTree = "<group>";
		};
		3DA429351B018D570015ACDF /* Main_iPad.storyboard */ = {
			isa = PBXVariantGroup;
			children = (
				3DA429341B018D570015ACDF /* Base */,
			);
			name = Main_iPad.storyboard;
			sourceTree = "<group>";
		};
/* End PBXVariantGroup section */

/* Begin XCBuildConfiguration section */
		3D3D43341AF0BB3500A2ED01 /* Debug */ = {
			isa = XCBuildConfiguration;
			buildSettings = {
				ALWAYS_SEARCH_USER_PATHS = NO;
				CLANG_CXX_LANGUAGE_STANDARD = "gnu++0x";
				CLANG_CXX_LIBRARY = "libc++";
				CLANG_ENABLE_MODULES = YES;
				CLANG_ENABLE_OBJC_ARC = YES;
				CLANG_WARN_BOOL_CONVERSION = YES;
				CLANG_WARN_CONSTANT_CONVERSION = YES;
				CLANG_WARN_DIRECT_OBJC_ISA_USAGE = YES_ERROR;
				CLANG_WARN_EMPTY_BODY = YES;
				CLANG_WARN_ENUM_CONVERSION = YES;
				CLANG_WARN_INT_CONVERSION = YES;
				CLANG_WARN_OBJC_ROOT_CLASS = YES_ERROR;
				CLANG_WARN_UNREACHABLE_CODE = YES;
				CLANG_WARN__DUPLICATE_METHOD_MATCH = YES;
				"CODE_SIGN_IDENTITY[sdk=iphoneos*]" = "iPhone Developer";
				COPY_PHASE_STRIP = NO;
				DEBUG_INFORMATION_FORMAT = "dwarf-with-dsym";
				ENABLE_STRICT_OBJC_MSGSEND = YES;
				GCC_C_LANGUAGE_STANDARD = gnu99;
				GCC_DYNAMIC_NO_PIC = NO;
				GCC_NO_COMMON_BLOCKS = YES;
				GCC_OPTIMIZATION_LEVEL = 0;
				GCC_PREPROCESSOR_DEFINITIONS = (
					"DEBUG=1",
					"$(inherited)",
				);
				GCC_SYMBOLS_PRIVATE_EXTERN = NO;
				GCC_WARN_64_TO_32_BIT_CONVERSION = YES;
				GCC_WARN_ABOUT_RETURN_TYPE = YES_ERROR;
				GCC_WARN_UNDECLARED_SELECTOR = YES;
				GCC_WARN_UNINITIALIZED_AUTOS = YES_AGGRESSIVE;
				GCC_WARN_UNUSED_FUNCTION = YES;
				GCC_WARN_UNUSED_VARIABLE = YES;
				IPHONEOS_DEPLOYMENT_TARGET = 8.3;
				MTL_ENABLE_DEBUG_INFO = YES;
				ONLY_ACTIVE_ARCH = YES;
				SDKROOT = iphoneos;
				TARGETED_DEVICE_FAMILY = "1,2";
			};
			name = Debug;
		};
		3D3D43351AF0BB3500A2ED01 /* Release */ = {
			isa = XCBuildConfiguration;
			buildSettings = {
				ALWAYS_SEARCH_USER_PATHS = NO;
				CLANG_CXX_LANGUAGE_STANDARD = "gnu++0x";
				CLANG_CXX_LIBRARY = "libc++";
				CLANG_ENABLE_MODULES = YES;
				CLANG_ENABLE_OBJC_ARC = YES;
				CLANG_WARN_BOOL_CONVERSION = YES;
				CLANG_WARN_CONSTANT_CONVERSION = YES;
				CLANG_WARN_DIRECT_OBJC_ISA_USAGE = YES_ERROR;
				CLANG_WARN_EMPTY_BODY = YES;
				CLANG_WARN_ENUM_CONVERSION = YES;
				CLANG_WARN_INT_CONVERSION = YES;
				CLANG_WARN_OBJC_ROOT_CLASS = YES_ERROR;
				CLANG_WARN_UNREACHABLE_CODE = YES;
				CLANG_WARN__DUPLICATE_METHOD_MATCH = YES;
				"CODE_SIGN_IDENTITY[sdk=iphoneos*]" = "iPhone Developer";
				COPY_PHASE_STRIP = NO;
				DEBUG_INFORMATION_FORMAT = "dwarf-with-dsym";
				ENABLE_NS_ASSERTIONS = NO;
				ENABLE_STRICT_OBJC_MSGSEND = YES;
				GCC_C_LANGUAGE_STANDARD = gnu99;
				GCC_NO_COMMON_BLOCKS = YES;
				GCC_WARN_64_TO_32_BIT_CONVERSION = YES;
				GCC_WARN_ABOUT_RETURN_TYPE = YES_ERROR;
				GCC_WARN_UNDECLARED_SELECTOR = YES;
				GCC_WARN_UNINITIALIZED_AUTOS = YES_AGGRESSIVE;
				GCC_WARN_UNUSED_FUNCTION = YES;
				GCC_WARN_UNUSED_VARIABLE = YES;
				IPHONEOS_DEPLOYMENT_TARGET = 8.3;
				MTL_ENABLE_DEBUG_INFO = NO;
				SDKROOT = iphoneos;
				TARGETED_DEVICE_FAMILY = "1,2";
				VALIDATE_PRODUCT = YES;
			};
			name = Release;
		};
		3D3D43371AF0BB3500A2ED01 /* Debug */ = {
			isa = XCBuildConfiguration;
			buildSettings = {
				ASSETCATALOG_COMPILER_APPICON_NAME = AppIcon;
				INFOPLIST_FILE = 2016Olympics/Info.plist;
				LD_RUNPATH_SEARCH_PATHS = "$(inherited) @executable_path/Frameworks";
				LIBRARY_SEARCH_PATHS = (
					"$(SRCROOT)/GoogleAdMobAdsSdkiOS-6.6.1",
					"$(inherited)",
				);
				PRODUCT_NAME = "$(TARGET_NAME)";
				TARGETED_DEVICE_FAMILY = "1,2";
				USER_HEADER_SEARCH_PATHS = "$(BUILT_PRODUCTS_DIR)/**";
			};
			name = Debug;
		};
		3D3D43381AF0BB3500A2ED01 /* Release */ = {
			isa = XCBuildConfiguration;
			buildSettings = {
				ASSETCATALOG_COMPILER_APPICON_NAME = AppIcon;
				INFOPLIST_FILE = 2016Olympics/Info.plist;
				LD_RUNPATH_SEARCH_PATHS = "$(inherited) @executable_path/Frameworks";
				LIBRARY_SEARCH_PATHS = (
					"$(SRCROOT)/GoogleAdMobAdsSdkiOS-6.6.1",
					"$(inherited)",
				);
				PRODUCT_NAME = "$(TARGET_NAME)";
				TARGETED_DEVICE_FAMILY = "1,2";
				USER_HEADER_SEARCH_PATHS = "$(BUILT_PRODUCTS_DIR)/**";
			};
			name = Release;
		};
		3D3D433A1AF0BB3500A2ED01 /* Debug */ = {
			isa = XCBuildConfiguration;
			buildSettings = {
				BUNDLE_LOADER = "$(TEST_HOST)";
				FRAMEWORK_SEARCH_PATHS = (
					"$(SDKROOT)/Developer/Library/Frameworks",
					"$(inherited)",
				);
				GCC_PREPROCESSOR_DEFINITIONS = (
					"DEBUG=1",
					"$(inherited)",
				);
				INFOPLIST_FILE = 2016OlympicsTests/Info.plist;
				LD_RUNPATH_SEARCH_PATHS = "$(inherited) @executable_path/Frameworks @loader_path/Frameworks";
				LIBRARY_SEARCH_PATHS = (
					"$(inherited)",
					"$(USER_LIBRARY_DIR)/Developer/Xcode/DerivedData/2016Olympics-dmculkqpatoytvcscwknnmwjhzfk/Build/Products/Debug-iphoneos",
				);
				PRODUCT_NAME = "$(TARGET_NAME)";
				TEST_HOST = "$(BUILT_PRODUCTS_DIR)/2016Olympics.app/2016Olympics";
			};
			name = Debug;
		};
		3D3D433B1AF0BB3500A2ED01 /* Release */ = {
			isa = XCBuildConfiguration;
			buildSettings = {
				BUNDLE_LOADER = "$(TEST_HOST)";
				FRAMEWORK_SEARCH_PATHS = (
					"$(SDKROOT)/Developer/Library/Frameworks",
					"$(inherited)",
				);
				INFOPLIST_FILE = 2016OlympicsTests/Info.plist;
				LD_RUNPATH_SEARCH_PATHS = "$(inherited) @executable_path/Frameworks @loader_path/Frameworks";
				LIBRARY_SEARCH_PATHS = (
					"$(inherited)",
					"$(USER_LIBRARY_DIR)/Developer/Xcode/DerivedData/2016Olympics-dmculkqpatoytvcscwknnmwjhzfk/Build/Products/Debug-iphoneos",
				);
				PRODUCT_NAME = "$(TARGET_NAME)";
				TEST_HOST = "$(BUILT_PRODUCTS_DIR)/2016Olympics.app/2016Olympics";
			};
			name = Release;
		};
/* End XCBuildConfiguration section */

/* Begin XCConfigurationList section */
		3D3D430E1AF0BB3500A2ED01 /* Build configuration list for PBXProject "2016Olympics" */ = {
			isa = XCConfigurationList;
			buildConfigurations = (
				3D3D43341AF0BB3500A2ED01 /* Debug */,
				3D3D43351AF0BB3500A2ED01 /* Release */,
			);
			defaultConfigurationIsVisible = 0;
			defaultConfigurationName = Release;
		};
		3D3D43361AF0BB3500A2ED01 /* Build configuration list for PBXNativeTarget "2016Olympics" */ = {
			isa = XCConfigurationList;
			buildConfigurations = (
				3D3D43371AF0BB3500A2ED01 /* Debug */,
				3D3D43381AF0BB3500A2ED01 /* Release */,
			);
			defaultConfigurationIsVisible = 0;
			defaultConfigurationName = Release;
		};
		3D3D43391AF0BB3500A2ED01 /* Build configuration list for PBXNativeTarget "2016OlympicsTests" */ = {
			isa = XCConfigurationList;
			buildConfigurations = (
				3D3D433A1AF0BB3500A2ED01 /* Debug */,
				3D3D433B1AF0BB3500A2ED01 /* Release */,
			);
			defaultConfigurationIsVisible = 0;
			defaultConfigurationName = Release;
		};
/* End XCConfigurationList section */
	};
	rootObject = 3D3D430B1AF0BB3500A2ED01 /* Project object */;
}
