// !$*UTF8*$!
{
	archiveVersion = 1;
	classes = {
	};
	objectVersion = 46;
	objects = {

/* Begin PBXBuildFile section */
		3D3D42D51AF0B53300A2ED01 /* libPersistenceLayer.a in Frameworks */ = {isa = PBXBuildFile; fileRef = 3D3D42C91AF0B53300A2ED01 /* libPersistenceLayer.a */; };
		3D504F311AF2288E00EF8988 /* Events.m in Sources */ = {isa = PBXBuildFile; fileRef = 3D504F301AF2288E00EF8988 /* Events.m */; };
		3D504F341AF22A2C00EF8988 /* Schedule.m in Sources */ = {isa = PBXBuildFile; fileRef = 3D504F331AF22A2C00EF8988 /* Schedule.m */; };
		3D504F371AF22B3D00EF8988 /* EventsDAO.m in Sources */ = {isa = PBXBuildFile; fileRef = 3D504F361AF22B3D00EF8988 /* EventsDAO.m */; };
		3D6CB0FC1AF7225E00626E56 /* EventsDAO.m in Sources */ = {isa = PBXBuildFile; fileRef = 3D504F361AF22B3D00EF8988 /* EventsDAO.m */; };
		3D6CB0FD1AF7226100626E56 /* Schedule.m in Sources */ = {isa = PBXBuildFile; fileRef = 3D504F331AF22A2C00EF8988 /* Schedule.m */; };
		3D6CB0FE1AF7226300626E56 /* Events.m in Sources */ = {isa = PBXBuildFile; fileRef = 3D504F301AF2288E00EF8988 /* Events.m */; };
		3D6CB1011AF722C100626E56 /* EventsDAOTests.m in Sources */ = {isa = PBXBuildFile; fileRef = 3D6CB1001AF722C100626E56 /* EventsDAOTests.m */; };
		3D7CAB551AF8506C0020C243 /* BaseDAO.m in Sources */ = {isa = PBXBuildFile; fileRef = 3D7CAB541AF8506C0020C243 /* BaseDAO.m */; };
		3D7CAB581AF863A80020C243 /* ScheduleDAO.m in Sources */ = {isa = PBXBuildFile; fileRef = 3D7CAB571AF863A80020C243 /* ScheduleDAO.m */; };
		3D7CAB5E1AF864CF0020C243 /* ScheduleDAOTests.m in Sources */ = {isa = PBXBuildFile; fileRef = 3D7CAB5D1AF864CF0020C243 /* ScheduleDAOTests.m */; };
		3D7CAB601AF877510020C243 /* libsqlite3.dylib in Frameworks */ = {isa = PBXBuildFile; fileRef = 3D7CAB5F1AF877510020C243 /* libsqlite3.dylib */; };
		3D7CAB621AF8776A0020C243 /* Foundation.framework in Frameworks */ = {isa = PBXBuildFile; fileRef = 3D7CAB611AF8776A0020C243 /* Foundation.framework */; };
		3D7CAB631AF877E00020C243 /* libsqlite3.dylib in Frameworks */ = {isa = PBXBuildFile; fileRef = 3D7CAB5F1AF877510020C243 /* libsqlite3.dylib */; };
		3D7CAB641AF877E90020C243 /* Foundation.framework in Frameworks */ = {isa = PBXBuildFile; fileRef = 3D7CAB611AF8776A0020C243 /* Foundation.framework */; };
		3D7CAB661AF878020020C243 /* UIKit.framework in Frameworks */ = {isa = PBXBuildFile; fileRef = 3D7CAB651AF878020020C243 /* UIKit.framework */; };
		3DA009241AF740500033E00D /* DBHelper.m in Sources */ = {isa = PBXBuildFile; fileRef = 3DA009231AF740500033E00D /* DBHelper.m */; };
/* End PBXBuildFile section */

/* Begin PBXContainerItemProxy section */
		3D3D42D61AF0B53300A2ED01 /* PBXContainerItemProxy */ = {
			isa = PBXContainerItemProxy;
			containerPortal = 3D3D42C11AF0B53300A2ED01 /* Project object */;
			proxyType = 1;
			remoteGlobalIDString = 3D3D42C81AF0B53300A2ED01;
			remoteInfo = PersistenceLayer;
		};
/* End PBXContainerItemProxy section */

/* Begin PBXCopyFilesBuildPhase section */
		3D3D42C71AF0B53300A2ED01 /* CopyFiles */ = {
			isa = PBXCopyFilesBuildPhase;
			buildActionMask = 2147483647;
			dstPath = "include/$(PRODUCT_NAME)";
			dstSubfolderSpec = 16;
			files = (
			);
			runOnlyForDeploymentPostprocessing = 0;
		};
/* End PBXCopyFilesBuildPhase section */

/* Begin PBXFileReference section */
		3D3D42C91AF0B53300A2ED01 /* libPersistenceLayer.a */ = {isa = PBXFileReference; explicitFileType = archive.ar; includeInIndex = 0; path = libPersistenceLayer.a; sourceTree = BUILT_PRODUCTS_DIR; };
		3D3D42D41AF0B53300A2ED01 /* PersistenceLayerTests.xctest */ = {isa = PBXFileReference; explicitFileType = wrapper.cfbundle; includeInIndex = 0; path = PersistenceLayerTests.xctest; sourceTree = BUILT_PRODUCTS_DIR; };
		3D3D42DA1AF0B53300A2ED01 /* Info.plist */ = {isa = PBXFileReference; lastKnownFileType = text.plist.xml; path = Info.plist; sourceTree = "<group>"; };
		3D504F2F1AF2288E00EF8988 /* Events.h */ = {isa = PBXFileReference; fileEncoding = 4; lastKnownFileType = sourcecode.c.h; path = Events.h; sourceTree = "<group>"; };
		3D504F301AF2288E00EF8988 /* Events.m */ = {isa = PBXFileReference; fileEncoding = 4; lastKnownFileType = sourcecode.c.objc; path = Events.m; sourceTree = "<group>"; };
		3D504F321AF22A2C00EF8988 /* Schedule.h */ = {isa = PBXFileReference; fileEncoding = 4; lastKnownFileType = sourcecode.c.h; path = Schedule.h; sourceTree = "<group>"; };
		3D504F331AF22A2C00EF8988 /* Schedule.m */ = {isa = PBXFileReference; fileEncoding = 4; lastKnownFileType = sourcecode.c.objc; path = Schedule.m; sourceTree = "<group>"; };
		3D504F351AF22B3D00EF8988 /* EventsDAO.h */ = {isa = PBXFileReference; fileEncoding = 4; lastKnownFileType = sourcecode.c.h; path = EventsDAO.h; sourceTree = "<group>"; };
		3D504F361AF22B3D00EF8988 /* EventsDAO.m */ = {isa = PBXFileReference; fileEncoding = 4; lastKnownFileType = sourcecode.c.objc; path = EventsDAO.m; sourceTree = "<group>"; };
		3D6CB0FF1AF722C100626E56 /* EventsDAOTests.h */ = {isa = PBXFileReference; fileEncoding = 4; lastKnownFileType = sourcecode.c.h; path = EventsDAOTests.h; sourceTree = "<group>"; };
		3D6CB1001AF722C100626E56 /* EventsDAOTests.m */ = {isa = PBXFileReference; fileEncoding = 4; lastKnownFileType = sourcecode.c.objc; path = EventsDAOTests.m; sourceTree = "<group>"; };
		3D7CAB531AF8506C0020C243 /* BaseDAO.h */ = {isa = PBXFileReference; fileEncoding = 4; lastKnownFileType = sourcecode.c.h; path = BaseDAO.h; sourceTree = "<group>"; };
		3D7CAB541AF8506C0020C243 /* BaseDAO.m */ = {isa = PBXFileReference; fileEncoding = 4; lastKnownFileType = sourcecode.c.objc; path = BaseDAO.m; sourceTree = "<group>"; };
		3D7CAB561AF863A80020C243 /* ScheduleDAO.h */ = {isa = PBXFileReference; fileEncoding = 4; lastKnownFileType = sourcecode.c.h; path = ScheduleDAO.h; sourceTree = SOURCE_ROOT; };
		3D7CAB571AF863A80020C243 /* ScheduleDAO.m */ = {isa = PBXFileReference; fileEncoding = 4; lastKnownFileType = sourcecode.c.objc; path = ScheduleDAO.m; sourceTree = SOURCE_ROOT; };
		3D7CAB5C1AF864CF0020C243 /* ScheduleDAOTests.h */ = {isa = PBXFileReference; fileEncoding = 4; lastKnownFileType = sourcecode.c.h; path = ScheduleDAOTests.h; sourceTree = "<group>"; };
		3D7CAB5D1AF864CF0020C243 /* ScheduleDAOTests.m */ = {isa = PBXFileReference; fileEncoding = 4; lastKnownFileType = sourcecode.c.objc; path = ScheduleDAOTests.m; sourceTree = "<group>"; };
		3D7CAB5F1AF877510020C243 /* libsqlite3.dylib */ = {isa = PBXFileReference; lastKnownFileType = "compiled.mach-o.dylib"; name = libsqlite3.dylib; path = usr/lib/libsqlite3.dylib; sourceTree = SDKROOT; };
		3D7CAB611AF8776A0020C243 /* Foundation.framework */ = {isa = PBXFileReference; lastKnownFileType = wrapper.framework; name = Foundation.framework; path = System/Library/Frameworks/Foundation.framework; sourceTree = SDKROOT; };
		3D7CAB651AF878020020C243 /* UIKit.framework */ = {isa = PBXFileReference; lastKnownFileType = wrapper.framework; name = UIKit.framework; path = System/Library/Frameworks/UIKit.framework; sourceTree = SDKROOT; };
		3DA009221AF740500033E00D /* DBHelper.h */ = {isa = PBXFileReference; fileEncoding = 4; lastKnownFileType = sourcecode.c.h; path = DBHelper.h; sourceTree = "<group>"; };
		3DA009231AF740500033E00D /* DBHelper.m */ = {isa = PBXFileReference; fileEncoding = 4; lastKnownFileType = sourcecode.c.objc; path = DBHelper.m; sourceTree = "<group>"; };
		3DA009261AF742870033E00D /* create_load.sql */ = {isa = PBXFileReference; fileEncoding = 4; lastKnownFileType = text; path = create_load.sql; sourceTree = "<group>"; };
		3DA009271AF742870033E00D /* DBConfig.plist */ = {isa = PBXFileReference; fileEncoding = 4; lastKnownFileType = text.plist.xml; path = DBConfig.plist; sourceTree = "<group>"; };
		3DA009291AF7443E0033E00D /* PersistenceLayer-Prefix.pch */ = {isa = PBXFileReference; lastKnownFileType = sourcecode.c.h; path = "PersistenceLayer-Prefix.pch"; sourceTree = "<group>"; };
/* End PBXFileReference section */

/* Begin PBXFrameworksBuildPhase section */
		3D3D42C61AF0B53300A2ED01 /* Frameworks */ = {
			isa = PBXFrameworksBuildPhase;
			buildActionMask = 2147483647;
			files = (
				3D7CAB621AF8776A0020C243 /* Foundation.framework in Frameworks */,
				3D7CAB601AF877510020C243 /* libsqlite3.dylib in Frameworks */,
			);
			runOnlyForDeploymentPostprocessing = 0;
		};
		3D3D42D11AF0B53300A2ED01 /* Frameworks */ = {
			isa = PBXFrameworksBuildPhase;
			buildActionMask = 2147483647;
			files = (
				3D7CAB661AF878020020C243 /* UIKit.framework in Frameworks */,
				3D7CAB641AF877E90020C243 /* Foundation.framework in Frameworks */,
				3D7CAB631AF877E00020C243 /* libsqlite3.dylib in Frameworks */,
				3D3D42D51AF0B53300A2ED01 /* libPersistenceLayer.a in Frameworks */,
			);
			runOnlyForDeploymentPostprocessing = 0;
		};
/* End PBXFrameworksBuildPhase section */

/* Begin PBXGroup section */
		3D3D42C01AF0B53300A2ED01 = {
			isa = PBXGroup;
			children = (
				3D7CAB651AF878020020C243 /* UIKit.framework */,
				3D7CAB611AF8776A0020C243 /* Foundation.framework */,
				3D7CAB5F1AF877510020C243 /* libsqlite3.dylib */,
				3DA009251AF742870033E00D /* DBFile */,
				3D3D42CB1AF0B53300A2ED01 /* PersistenceLayer */,
				3D3D42D81AF0B53300A2ED01 /* PersistenceLayerTests */,
				3D3D42CA1AF0B53300A2ED01 /* Products */,
			);
			sourceTree = "<group>";
		};
		3D3D42CA1AF0B53300A2ED01 /* Products */ = {
			isa = PBXGroup;
			children = (
				3D3D42C91AF0B53300A2ED01 /* libPersistenceLayer.a */,
				3D3D42D41AF0B53300A2ED01 /* PersistenceLayerTests.xctest */,
			);
			name = Products;
			sourceTree = "<group>";
		};
		3D3D42CB1AF0B53300A2ED01 /* PersistenceLayer */ = {
			isa = PBXGroup;
			children = (
				3D504F2F1AF2288E00EF8988 /* Events.h */,
				3D504F301AF2288E00EF8988 /* Events.m */,
				3D504F321AF22A2C00EF8988 /* Schedule.h */,
				3D504F331AF22A2C00EF8988 /* Schedule.m */,
				3D7CAB531AF8506C0020C243 /* BaseDAO.h */,
				3D7CAB541AF8506C0020C243 /* BaseDAO.m */,
				3D504F351AF22B3D00EF8988 /* EventsDAO.h */,
				3D504F361AF22B3D00EF8988 /* EventsDAO.m */,
				3D7CAB561AF863A80020C243 /* ScheduleDAO.h */,
				3D7CAB571AF863A80020C243 /* ScheduleDAO.m */,
				3DA009221AF740500033E00D /* DBHelper.h */,
				3DA009231AF740500033E00D /* DBHelper.m */,
				3DA009281AF743E70033E00D /* Supporting Files */,
			);
			path = PersistenceLayer;
			sourceTree = "<group>";
		};
		3D3D42D81AF0B53300A2ED01 /* PersistenceLayerTests */ = {
			isa = PBXGroup;
			children = (
				3D3D42D91AF0B53300A2ED01 /* Supporting Files */,
				3D6CB0FF1AF722C100626E56 /* EventsDAOTests.h */,
				3D6CB1001AF722C100626E56 /* EventsDAOTests.m */,
				3D7CAB5C1AF864CF0020C243 /* ScheduleDAOTests.h */,
				3D7CAB5D1AF864CF0020C243 /* ScheduleDAOTests.m */,
			);
			path = PersistenceLayerTests;
			sourceTree = "<group>";
		};
		3D3D42D91AF0B53300A2ED01 /* Supporting Files */ = {
			isa = PBXGroup;
			children = (
				3D3D42DA1AF0B53300A2ED01 /* Info.plist */,
			);
			name = "Supporting Files";
			sourceTree = "<group>";
		};
		3DA009251AF742870033E00D /* DBFile */ = {
			isa = PBXGroup;
			children = (
				3DA009261AF742870033E00D /* create_load.sql */,
				3DA009271AF742870033E00D /* DBConfig.plist */,
			);
			path = DBFile;
			sourceTree = "<group>";
		};
		3DA009281AF743E70033E00D /* Supporting Files */ = {
			isa = PBXGroup;
			children = (
				3DA009291AF7443E0033E00D /* PersistenceLayer-Prefix.pch */,
			);
			name = "Supporting Files";
			sourceTree = "<group>";
		};
/* End PBXGroup section */

/* Begin PBXNativeTarget section */
		3D3D42C81AF0B53300A2ED01 /* PersistenceLayer */ = {
			isa = PBXNativeTarget;
			buildConfigurationList = 3D3D42DD1AF0B53300A2ED01 /* Build configuration list for PBXNativeTarget "PersistenceLayer" */;
			buildPhases = (
				3D3D42C51AF0B53300A2ED01 /* Sources */,
				3D3D42C61AF0B53300A2ED01 /* Frameworks */,
				3D3D42C71AF0B53300A2ED01 /* CopyFiles */,
			);
			buildRules = (
			);
			dependencies = (
			);
			name = PersistenceLayer;
			productName = PersistenceLayer;
			productReference = 3D3D42C91AF0B53300A2ED01 /* libPersistenceLayer.a */;
			productType = "com.apple.product-type.library.static";
		};
		3D3D42D31AF0B53300A2ED01 /* PersistenceLayerTests */ = {
			isa = PBXNativeTarget;
			buildConfigurationList = 3D3D42E01AF0B53300A2ED01 /* Build configuration list for PBXNativeTarget "PersistenceLayerTests" */;
			buildPhases = (
				3D3D42D01AF0B53300A2ED01 /* Sources */,
				3D3D42D11AF0B53300A2ED01 /* Frameworks */,
				3D3D42D21AF0B53300A2ED01 /* Resources */,
			);
			buildRules = (
			);
			dependencies = (
				3D3D42D71AF0B53300A2ED01 /* PBXTargetDependency */,
			);
			name = PersistenceLayerTests;
			productName = PersistenceLayerTests;
			productReference = 3D3D42D41AF0B53300A2ED01 /* PersistenceLayerTests.xctest */;
			productType = "com.apple.product-type.bundle.unit-test";
		};
/* End PBXNativeTarget section */

/* Begin PBXProject section */
		3D3D42C11AF0B53300A2ED01 /* Project object */ = {
			isa = PBXProject;
			attributes = {
				LastUpgradeCheck = 0630;
				ORGANIZATIONNAME = PGWizard;
				TargetAttributes = {
					3D3D42C81AF0B53300A2ED01 = {
						CreatedOnToolsVersion = 6.3;
					};
					3D3D42D31AF0B53300A2ED01 = {
						CreatedOnToolsVersion = 6.3;
					};
				};
			};
			buildConfigurationList = 3D3D42C41AF0B53300A2ED01 /* Build configuration list for PBXProject "PersistenceLayer" */;
			compatibilityVersion = "Xcode 3.2";
			developmentRegion = English;
			hasScannedForEncodings = 0;
			knownRegions = (
				en,
			);
			mainGroup = 3D3D42C01AF0B53300A2ED01;
			productRefGroup = 3D3D42CA1AF0B53300A2ED01 /* Products */;
			projectDirPath = "";
			projectRoot = "";
			targets = (
				3D3D42C81AF0B53300A2ED01 /* PersistenceLayer */,
				3D3D42D31AF0B53300A2ED01 /* PersistenceLayerTests */,
			);
		};
/* End PBXProject section */

/* Begin PBXResourcesBuildPhase section */
		3D3D42D21AF0B53300A2ED01 /* Resources */ = {
			isa = PBXResourcesBuildPhase;
			buildActionMask = 2147483647;
			files = (
			);
			runOnlyForDeploymentPostprocessing = 0;
		};
/* End PBXResourcesBuildPhase section */

/* Begin PBXSourcesBuildPhase section */
		3D3D42C51AF0B53300A2ED01 /* Sources */ = {
			isa = PBXSourcesBuildPhase;
			buildActionMask = 2147483647;
			files = (
				3D504F341AF22A2C00EF8988 /* Schedule.m in Sources */,
				3D7CAB581AF863A80020C243 /* ScheduleDAO.m in Sources */,
				3D504F371AF22B3D00EF8988 /* EventsDAO.m in Sources */,
				3D504F311AF2288E00EF8988 /* Events.m in Sources */,
				3DA009241AF740500033E00D /* DBHelper.m in Sources */,
				3D7CAB551AF8506C0020C243 /* BaseDAO.m in Sources */,
			);
			runOnlyForDeploymentPostprocessing = 0;
		};
		3D3D42D01AF0B53300A2ED01 /* Sources */ = {
			isa = PBXSourcesBuildPhase;
			buildActionMask = 2147483647;
			files = (
				3D6CB0FE1AF7226300626E56 /* Events.m in Sources */,
				3D6CB0FD1AF7226100626E56 /* Schedule.m in Sources */,
				3D6CB0FC1AF7225E00626E56 /* EventsDAO.m in Sources */,
				3D6CB1011AF722C100626E56 /* EventsDAOTests.m in Sources */,
				3D7CAB5E1AF864CF0020C243 /* ScheduleDAOTests.m in Sources */,
			);
			runOnlyForDeploymentPostprocessing = 0;
		};
/* End PBXSourcesBuildPhase section */

/* Begin PBXTargetDependency section */
		3D3D42D71AF0B53300A2ED01 /* PBXTargetDependency */ = {
			isa = PBXTargetDependency;
			target = 3D3D42C81AF0B53300A2ED01 /* PersistenceLayer */;
			targetProxy = 3D3D42D61AF0B53300A2ED01 /* PBXContainerItemProxy */;
		};
/* End PBXTargetDependency section */

/* Begin XCBuildConfiguration section */
		3D3D42DB1AF0B53300A2ED01 /* Debug */ = {
			isa = XCBuildConfiguration;
			buildSettings = {
				ALWAYS_SEARCH_USER_PATHS = NO;
				CLANG_CXX_LANGUAGE_STANDARD = "gnu++0x";
				CLANG_CXX_LIBRARY = "libc++";
				CLANG_ENABLE_MODULES = YES;
				CLANG_ENABLE_OBJC_ARC = YES;
				CLANG_WARN_BOOL_CONVERSION = YES;
				CLANG_WARN_CONSTANT_CONVERSION = YES;
				CLANG_WARN_DIRECT_OBJC_ISA_USAGE = YES_ERROR;
				CLANG_WARN_EMPTY_BODY = YES;
				CLANG_WARN_ENUM_CONVERSION = YES;
				CLANG_WARN_INT_CONVERSION = YES;
				CLANG_WARN_OBJC_ROOT_CLASS = YES_ERROR;
				CLANG_WARN_UNREACHABLE_CODE = YES;
				CLANG_WARN__DUPLICATE_METHOD_MATCH = YES;
				COPY_PHASE_STRIP = NO;
				DEBUG_INFORMATION_FORMAT = "dwarf-with-dsym";
				ENABLE_STRICT_OBJC_MSGSEND = YES;
				GCC_C_LANGUAGE_STANDARD = gnu99;
				GCC_DYNAMIC_NO_PIC = NO;
				GCC_NO_COMMON_BLOCKS = YES;
				GCC_OPTIMIZATION_LEVEL = 0;
				GCC_PREPROCESSOR_DEFINITIONS = (
					"DEBUG=1",
					"$(inherited)",
				);
				GCC_SYMBOLS_PRIVATE_EXTERN = NO;
				GCC_WARN_64_TO_32_BIT_CONVERSION = YES;
				GCC_WARN_ABOUT_RETURN_TYPE = YES_ERROR;
				GCC_WARN_UNDECLARED_SELECTOR = YES;
				GCC_WARN_UNINITIALIZED_AUTOS = YES_AGGRESSIVE;
				GCC_WARN_UNUSED_FUNCTION = YES;
				GCC_WARN_UNUSED_VARIABLE = YES;
				IPHONEOS_DEPLOYMENT_TARGET = 8.3;
				MTL_ENABLE_DEBUG_INFO = YES;
				ONLY_ACTIVE_ARCH = YES;
				SDKROOT = iphoneos;
			};
			name = Debug;
		};
		3D3D42DC1AF0B53300A2ED01 /* Release */ = {
			isa = XCBuildConfiguration;
			buildSettings = {
				ALWAYS_SEARCH_USER_PATHS = NO;
				CLANG_CXX_LANGUAGE_STANDARD = "gnu++0x";
				CLANG_CXX_LIBRARY = "libc++";
				CLANG_ENABLE_MODULES = YES;
				CLANG_ENABLE_OBJC_ARC = YES;
				CLANG_WARN_BOOL_CONVERSION = YES;
				CLANG_WARN_CONSTANT_CONVERSION = YES;
				CLANG_WARN_DIRECT_OBJC_ISA_USAGE = YES_ERROR;
				CLANG_WARN_EMPTY_BODY = YES;
				CLANG_WARN_ENUM_CONVERSION = YES;
				CLANG_WARN_INT_CONVERSION = YES;
				CLANG_WARN_OBJC_ROOT_CLASS = YES_ERROR;
				CLANG_WARN_UNREACHABLE_CODE = YES;
				CLANG_WARN__DUPLICATE_METHOD_MATCH = YES;
				COPY_PHASE_STRIP = NO;
				DEBUG_INFORMATION_FORMAT = "dwarf-with-dsym";
				ENABLE_NS_ASSERTIONS = NO;
				ENABLE_STRICT_OBJC_MSGSEND = YES;
				GCC_C_LANGUAGE_STANDARD = gnu99;
				GCC_NO_COMMON_BLOCKS = YES;
				GCC_WARN_64_TO_32_BIT_CONVERSION = YES;
				GCC_WARN_ABOUT_RETURN_TYPE = YES_ERROR;
				GCC_WARN_UNDECLARED_SELECTOR = YES;
				GCC_WARN_UNINITIALIZED_AUTOS = YES_AGGRESSIVE;
				GCC_WARN_UNUSED_FUNCTION = YES;
				GCC_WARN_UNUSED_VARIABLE = YES;
				IPHONEOS_DEPLOYMENT_TARGET = 8.3;
				MTL_ENABLE_DEBUG_INFO = NO;
				SDKROOT = iphoneos;
				VALIDATE_PRODUCT = YES;
			};
			name = Release;
		};
		3D3D42DE1AF0B53300A2ED01 /* Debug */ = {
			isa = XCBuildConfiguration;
			buildSettings = {
				GCC_PRECOMPILE_PREFIX_HEADER = YES;
				GCC_PREFIX_HEADER = "$(SRCROOT)/PersistenceLayer/PersistenceLayer-Prefix.pch";
				LIBRARY_SEARCH_PATHS = (
					"$(inherited)",
					"/Users/ianc/Desktop/关东升/BusinessLogicLayer/build/Debug-iphoneos",
				);
				OTHER_LDFLAGS = "-ObjC";
				PRODUCT_NAME = "$(TARGET_NAME)";
				SKIP_INSTALL = YES;
			};
			name = Debug;
		};
		3D3D42DF1AF0B53300A2ED01 /* Release */ = {
			isa = XCBuildConfiguration;
			buildSettings = {
				GCC_PRECOMPILE_PREFIX_HEADER = YES;
				GCC_PREFIX_HEADER = "$(SRCROOT)/PersistenceLayer/PersistenceLayer-Prefix.pch";
				LIBRARY_SEARCH_PATHS = (
					"$(inherited)",
					"/Users/ianc/Desktop/关东升/BusinessLogicLayer/build/Debug-iphoneos",
				);
				OTHER_LDFLAGS = "-ObjC";
				PRODUCT_NAME = "$(TARGET_NAME)";
				SKIP_INSTALL = YES;
			};
			name = Release;
		};
		3D3D42E11AF0B53300A2ED01 /* Debug */ = {
			isa = XCBuildConfiguration;
			buildSettings = {
				"CODE_SIGN_IDENTITY[sdk=iphoneos*]" = "iPhone Developer";
				FRAMEWORK_SEARCH_PATHS = (
					"$(SDKROOT)/Developer/Library/Frameworks",
					"$(inherited)",
				);
				GCC_PREPROCESSOR_DEFINITIONS = (
					"DEBUG=1",
					"$(inherited)",
				);
				INFOPLIST_FILE = PersistenceLayerTests/Info.plist;
				LD_RUNPATH_SEARCH_PATHS = "$(inherited) @executable_path/Frameworks @loader_path/Frameworks";
				PRODUCT_NAME = "$(TARGET_NAME)";
			};
			name = Debug;
		};
		3D3D42E21AF0B53300A2ED01 /* Release */ = {
			isa = XCBuildConfiguration;
			buildSettings = {
				"CODE_SIGN_IDENTITY[sdk=iphoneos*]" = "iPhone Developer";
				FRAMEWORK_SEARCH_PATHS = (
					"$(SDKROOT)/Developer/Library/Frameworks",
					"$(inherited)",
				);
				INFOPLIST_FILE = PersistenceLayerTests/Info.plist;
				LD_RUNPATH_SEARCH_PATHS = "$(inherited) @executable_path/Frameworks @loader_path/Frameworks";
				PRODUCT_NAME = "$(TARGET_NAME)";
			};
			name = Release;
		};
/* End XCBuildConfiguration section */

/* Begin XCConfigurationList section */
		3D3D42C41AF0B53300A2ED01 /* Build configuration list for PBXProject "PersistenceLayer" */ = {
			isa = XCConfigurationList;
			buildConfigurations = (
				3D3D42DB1AF0B53300A2ED01 /* Debug */,
				3D3D42DC1AF0B53300A2ED01 /* Release */,
			);
			defaultConfigurationIsVisible = 0;
			defaultConfigurationName = Release;
		};
		3D3D42DD1AF0B53300A2ED01 /* Build configuration list for PBXNativeTarget "PersistenceLayer" */ = {
			isa = XCConfigurationList;
			buildConfigurations = (
				3D3D42DE1AF0B53300A2ED01 /* Debug */,
				3D3D42DF1AF0B53300A2ED01 /* Release */,
			);
			defaultConfigurationIsVisible = 0;
			defaultConfigurationName = Release;
		};
		3D3D42E01AF0B53300A2ED01 /* Build configuration list for PBXNativeTarget "PersistenceLayerTests" */ = {
			isa = XCConfigurationList;
			buildConfigurations = (
				3D3D42E11AF0B53300A2ED01 /* Debug */,
				3D3D42E21AF0B53300A2ED01 /* Release */,
			);
			defaultConfigurationIsVisible = 0;
			defaultConfigurationName = Release;
		};
/* End XCConfigurationList section */
	};
	rootObject = 3D3D42C11AF0B53300A2ED01 /* Project object */;
}
